// !$*UTF8*$!
{
	archiveVersion = 1;
	classes = {
	};
	objectVersion = 46;
	objects = {

/* Begin PBXBuildFile section */
		0E4F39F81CE5BF7700393C10 /* main.m in Sources */ = {isa = PBXBuildFile; fileRef = 0E4F39F71CE5BF7700393C10 /* main.m */; };
		0E4F39FB1CE5BF7700393C10 /* AppDelegate.m in Sources */ = {isa = PBXBuildFile; fileRef = 0E4F39FA1CE5BF7700393C10 /* AppDelegate.m */; };
		0E4F39FE1CE5BF7700393C10 /* CoordinatingController.m in Sources */ = {isa = PBXBuildFile; fileRef = 0E4F39FD1CE5BF7700393C10 /* CoordinatingController.m */; };
		0E4F3A011CE5BF7700393C10 /* Main.storyboard in Resources */ = {isa = PBXBuildFile; fileRef = 0E4F39FF1CE5BF7700393C10 /* Main.storyboard */; };
		0E4F3A031CE5BF7700393C10 /* Assets.xcassets in Resources */ = {isa = PBXBuildFile; fileRef = 0E4F3A021CE5BF7700393C10 /* Assets.xcassets */; };
		0E4F3A061CE5BF7700393C10 /* LaunchScreen.storyboard in Resources */ = {isa = PBXBuildFile; fileRef = 0E4F3A041CE5BF7700393C10 /* LaunchScreen.storyboard */; };
		0E4F3A111CE5BF7700393C10 /* PaintTests.m in Sources */ = {isa = PBXBuildFile; fileRef = 0E4F3A101CE5BF7700393C10 /* PaintTests.m */; };
		0E4F3A1C1CE5BF7700393C10 /* PaintUITests.m in Sources */ = {isa = PBXBuildFile; fileRef = 0E4F3A1B1CE5BF7700393C10 /* PaintUITests.m */; };
		0ED69AB51CE9B9C8008AE0D8 /* CanvasViewController.m in Sources */ = {isa = PBXBuildFile; fileRef = 0ED69AB41CE9B9C8008AE0D8 /* CanvasViewController.m */; };
/* End PBXBuildFile section */

/* Begin PBXContainerItemProxy section */
		0E4F3A0D1CE5BF7700393C10 /* PBXContainerItemProxy */ = {
			isa = PBXContainerItemProxy;
			containerPortal = 0E4F39EB1CE5BF7700393C10 /* Project object */;
			proxyType = 1;
			remoteGlobalIDString = 0E4F39F21CE5BF7700393C10;
			remoteInfo = Paint;
		};
		0E4F3A181CE5BF7700393C10 /* PBXContainerItemProxy */ = {
			isa = PBXContainerItemProxy;
			containerPortal = 0E4F39EB1CE5BF7700393C10 /* Project object */;
			proxyType = 1;
			remoteGlobalIDString = 0E4F39F21CE5BF7700393C10;
			remoteInfo = Paint;
		};
/* End PBXContainerItemProxy section */

/* Begin PBXFileReference section */
		0E4F39F31CE5BF7700393C10 /* Paint.app */ = {isa = PBXFileReference; explicitFileType = wrapper.application; includeInIndex = 0; path = Paint.app; sourceTree = BUILT_PRODUCTS_DIR; };
		0E4F39F71CE5BF7700393C10 /* main.m */ = {isa = PBXFileReference; lastKnownFileType = sourcecode.c.objc; path = main.m; sourceTree = "<group>"; };
		0E4F39F91CE5BF7700393C10 /* AppDelegate.h */ = {isa = PBXFileReference; lastKnownFileType = sourcecode.c.h; path = AppDelegate.h; sourceTree = "<group>"; };
		0E4F39FA1CE5BF7700393C10 /* AppDelegate.m */ = {isa = PBXFileReference; lastKnownFileType = sourcecode.c.objc; path = AppDelegate.m; sourceTree = "<group>"; };
		0E4F39FC1CE5BF7700393C10 /* CoordinatingController.h */ = {isa = PBXFileReference; lastKnownFileType = sourcecode.c.h; path = CoordinatingController.h; sourceTree = "<group>"; };
		0E4F39FD1CE5BF7700393C10 /* CoordinatingController.m */ = {isa = PBXFileReference; lastKnownFileType = sourcecode.c.objc; path = CoordinatingController.m; sourceTree = "<group>"; };
		0E4F3A001CE5BF7700393C10 /* Base */ = {isa = PBXFileReference; lastKnownFileType = file.storyboard; name = Base; path = Base.lproj/Main.storyboard; sourceTree = "<group>"; };
		0E4F3A021CE5BF7700393C10 /* Assets.xcassets */ = {isa = PBXFileReference; lastKnownFileType = folder.assetcatalog; path = Assets.xcassets; sourceTree = "<group>"; };
		0E4F3A051CE5BF7700393C10 /* Base */ = {isa = PBXFileReference; lastKnownFileType = file.storyboard; name = Base; path = Base.lproj/LaunchScreen.storyboard; sourceTree = "<group>"; };
		0E4F3A071CE5BF7700393C10 /* Info.plist */ = {isa = PBXFileReference; lastKnownFileType = text.plist.xml; path = Info.plist; sourceTree = "<group>"; };
		0E4F3A0C1CE5BF7700393C10 /* PaintTests.xctest */ = {isa = PBXFileReference; explicitFileType = wrapper.cfbundle; includeInIndex = 0; path = PaintTests.xctest; sourceTree = BUILT_PRODUCTS_DIR; };
		0E4F3A101CE5BF7700393C10 /* PaintTests.m */ = {isa = PBXFileReference; lastKnownFileType = sourcecode.c.objc; path = PaintTests.m; sourceTree = "<group>"; };
		0E4F3A121CE5BF7700393C10 /* Info.plist */ = {isa = PBXFileReference; lastKnownFileType = text.plist.xml; path = Info.plist; sourceTree = "<group>"; };
		0E4F3A171CE5BF7700393C10 /* PaintUITests.xctest */ = {isa = PBXFileReference; explicitFileType = wrapper.cfbundle; includeInIndex = 0; path = PaintUITests.xctest; sourceTree = BUILT_PRODUCTS_DIR; };
		0E4F3A1B1CE5BF7700393C10 /* PaintUITests.m */ = {isa = PBXFileReference; lastKnownFileType = sourcecode.c.objc; path = PaintUITests.m; sourceTree = "<group>"; };
		0E4F3A1D1CE5BF7700393C10 /* Info.plist */ = {isa = PBXFileReference; lastKnownFileType = text.plist.xml; path = Info.plist; sourceTree = "<group>"; };
		0ED69AB31CE9B9C8008AE0D8 /* CanvasViewController.h */ = {isa = PBXFileReference; fileEncoding = 4; lastKnownFileType = sourcecode.c.h; path = CanvasViewController.h; sourceTree = "<group>"; };
		0ED69AB41CE9B9C8008AE0D8 /* CanvasViewController.m */ = {isa = PBXFileReference; fileEncoding = 4; lastKnownFileType = sourcecode.c.objc; path = CanvasViewController.m; sourceTree = "<group>"; };
/* End PBXFileReference section */

/* Begin PBXFrameworksBuildPhase section */
		0E4F39F01CE5BF7700393C10 /* Frameworks */ = {
			isa = PBXFrameworksBuildPhase;
			buildActionMask = 2147483647;
			files = (
			);
			runOnlyForDeploymentPostprocessing = 0;
		};
		0E4F3A091CE5BF7700393C10 /* Frameworks */ = {
			isa = PBXFrameworksBuildPhase;
			buildActionMask = 2147483647;
			files = (
			);
			runOnlyForDeploymentPostprocessing = 0;
		};
		0E4F3A141CE5BF7700393C10 /* Frameworks */ = {
			isa = PBXFrameworksBuildPhase;
			buildActionMask = 2147483647;
			files = (
			);
			runOnlyForDeploymentPostprocessing = 0;
		};
/* End PBXFrameworksBuildPhase section */

/* Begin PBXGroup section */
		0E4F39EA1CE5BF7700393C10 = {
			isa = PBXGroup;
			children = (
				0E4F39F51CE5BF7700393C10 /* Paint */,
				0E4F3A0F1CE5BF7700393C10 /* PaintTests */,
				0E4F3A1A1CE5BF7700393C10 /* PaintUITests */,
				0E4F39F41CE5BF7700393C10 /* Products */,
			);
			sourceTree = "<group>";
		};
		0E4F39F41CE5BF7700393C10 /* Products */ = {
			isa = PBXGroup;
			children = (
				0E4F39F31CE5BF7700393C10 /* Paint.app */,
				0E4F3A0C1CE5BF7700393C10 /* PaintTests.xctest */,
				0E4F3A171CE5BF7700393C10 /* PaintUITests.xctest */,
			);
			name = Products;
			sourceTree = "<group>";
		};
		0E4F39F51CE5BF7700393C10 /* Paint */ = {
			isa = PBXGroup;
			children = (
				0ED69AB21CE9B7D4008AE0D8 /* PlatteView */,
				0ED69AB11CE9B7C9008AE0D8 /* Thumbnail */,
				0ED69AB01CE9B7B8008AE0D8 /* Canvas */,
				0ED69AAF1CE9B5B6008AE0D8 /* Utilities */,
				0E4F39F91CE5BF7700393C10 /* AppDelegate.h */,
				0E4F39FA1CE5BF7700393C10 /* AppDelegate.m */,
				0E4F39FC1CE5BF7700393C10 /* CoordinatingController.h */,
				0E4F39FD1CE5BF7700393C10 /* CoordinatingController.m */,
				0E4F39FF1CE5BF7700393C10 /* Main.storyboard */,
				0E4F3A021CE5BF7700393C10 /* Assets.xcassets */,
				0E4F3A041CE5BF7700393C10 /* LaunchScreen.storyboard */,
				0E4F3A071CE5BF7700393C10 /* Info.plist */,
				0E4F39F61CE5BF7700393C10 /* Supporting Files */,
			);
			path = Paint;
			sourceTree = "<group>";
		};
		0E4F39F61CE5BF7700393C10 /* Supporting Files */ = {
			isa = PBXGroup;
			children = (
				0E4F39F71CE5BF7700393C10 /* main.m */,
			);
			name = "Supporting Files";
			sourceTree = "<group>";
		};
		0E4F3A0F1CE5BF7700393C10 /* PaintTests */ = {
			isa = PBXGroup;
			children = (
				0E4F3A101CE5BF7700393C10 /* PaintTests.m */,
				0E4F3A121CE5BF7700393C10 /* Info.plist */,
			);
			path = PaintTests;
			sourceTree = "<group>";
		};
		0E4F3A1A1CE5BF7700393C10 /* PaintUITests */ = {
			isa = PBXGroup;
			children = (
				0E4F3A1B1CE5BF7700393C10 /* PaintUITests.m */,
				0E4F3A1D1CE5BF7700393C10 /* Info.plist */,
			);
			path = PaintUITests;
			sourceTree = "<group>";
		};
		0ED69AAF1CE9B5B6008AE0D8 /* Utilities */ = {
			isa = PBXGroup;
			children = (
			);
			name = Utilities;
			sourceTree = "<group>";
		};
		0ED69AB01CE9B7B8008AE0D8 /* Canvas */ = {
			isa = PBXGroup;
			children = (
				0ED69AB31CE9B9C8008AE0D8 /* CanvasViewController.h */,
				0ED69AB41CE9B9C8008AE0D8 /* CanvasViewController.m */,
			);
			name = Canvas;
			sourceTree = "<group>";
		};
		0ED69AB11CE9B7C9008AE0D8 /* Thumbnail */ = {
			isa = PBXGroup;
			children = (
			);
			name = Thumbnail;
			sourceTree = "<group>";
		};
		0ED69AB21CE9B7D4008AE0D8 /* PlatteView */ = {
			isa = PBXGroup;
			children = (
			);
			name = PlatteView;
			sourceTree = "<group>";
		};
/* End PBXGroup section */

/* Begin PBXNativeTarget section */
		0E4F39F21CE5BF7700393C10 /* Paint */ = {
			isa = PBXNativeTarget;
			buildConfigurationList = 0E4F3A201CE5BF7700393C10 /* Build configuration list for PBXNativeTarget "Paint" */;
			buildPhases = (
				0E4F39EF1CE5BF7700393C10 /* Sources */,
				0E4F39F01CE5BF7700393C10 /* Frameworks */,
				0E4F39F11CE5BF7700393C10 /* Resources */,
			);
			buildRules = (
			);
			dependencies = (
			);
			name = Paint;
			productName = Paint;
			productReference = 0E4F39F31CE5BF7700393C10 /* Paint.app */;
			productType = "com.apple.product-type.application";
		};
		0E4F3A0B1CE5BF7700393C10 /* PaintTests */ = {
			isa = PBXNativeTarget;
			buildConfigurationList = 0E4F3A231CE5BF7700393C10 /* Build configuration list for PBXNativeTarget "PaintTests" */;
			buildPhases = (
				0E4F3A081CE5BF7700393C10 /* Sources */,
				0E4F3A091CE5BF7700393C10 /* Frameworks */,
				0E4F3A0A1CE5BF7700393C10 /* Resources */,
			);
			buildRules = (
			);
			dependencies = (
				0E4F3A0E1CE5BF7700393C10 /* PBXTargetDependency */,
			);
			name = PaintTests;
			productName = PaintTests;
			productReference = 0E4F3A0C1CE5BF7700393C10 /* PaintTests.xctest */;
			productType = "com.apple.product-type.bundle.unit-test";
		};
		0E4F3A161CE5BF7700393C10 /* PaintUITests */ = {
			isa = PBXNativeTarget;
			buildConfigurationList = 0E4F3A261CE5BF7700393C10 /* Build configuration list for PBXNativeTarget "PaintUITests" */;
			buildPhases = (
				0E4F3A131CE5BF7700393C10 /* Sources */,
				0E4F3A141CE5BF7700393C10 /* Frameworks */,
				0E4F3A151CE5BF7700393C10 /* Resources */,
			);
			buildRules = (
			);
			dependencies = (
				0E4F3A191CE5BF7700393C10 /* PBXTargetDependency */,
			);
			name = PaintUITests;
			productName = PaintUITests;
			productReference = 0E4F3A171CE5BF7700393C10 /* PaintUITests.xctest */;
			productType = "com.apple.product-type.bundle.ui-testing";
		};
/* End PBXNativeTarget section */

/* Begin PBXProject section */
		0E4F39EB1CE5BF7700393C10 /* Project object */ = {
			isa = PBXProject;
			attributes = {
				LastUpgradeCheck = 0730;
				ORGANIZATIONNAME = "钟武";
				TargetAttributes = {
					0E4F39F21CE5BF7700393C10 = {
						CreatedOnToolsVersion = 7.3.1;
					};
					0E4F3A0B1CE5BF7700393C10 = {
						CreatedOnToolsVersion = 7.3.1;
						TestTargetID = 0E4F39F21CE5BF7700393C10;
					};
					0E4F3A161CE5BF7700393C10 = {
						CreatedOnToolsVersion = 7.3.1;
						TestTargetID = 0E4F39F21CE5BF7700393C10;
					};
				};
			};
			buildConfigurationList = 0E4F39EE1CE5BF7700393C10 /* Build configuration list for PBXProject "Paint" */;
			compatibilityVersion = "Xcode 3.2";
			developmentRegion = English;
			hasScannedForEncodings = 0;
			knownRegions = (
				en,
				Base,
			);
			mainGroup = 0E4F39EA1CE5BF7700393C10;
			productRefGroup = 0E4F39F41CE5BF7700393C10 /* Products */;
			projectDirPath = "";
			projectRoot = "";
			targets = (
				0E4F39F21CE5BF7700393C10 /* Paint */,
				0E4F3A0B1CE5BF7700393C10 /* PaintTests */,
				0E4F3A161CE5BF7700393C10 /* PaintUITests */,
			);
		};
/* End PBXProject section */

/* Begin PBXResourcesBuildPhase section */
		0E4F39F11CE5BF7700393C10 /* Resources */ = {
			isa = PBXResourcesBuildPhase;
			buildActionMask = 2147483647;
			files = (
				0E4F3A061CE5BF7700393C10 /* LaunchScreen.storyboard in Resources */,
				0E4F3A031CE5BF7700393C10 /* Assets.xcassets in Resources */,
				0E4F3A011CE5BF7700393C10 /* Main.storyboard in Resources */,
			);
			runOnlyForDeploymentPostprocessing = 0;
		};
		0E4F3A0A1CE5BF7700393C10 /* Resources */ = {
			isa = PBXResourcesBuildPhase;
			buildActionMask = 2147483647;
			files = (
			);
			runOnlyForDeploymentPostprocessing = 0;
		};
		0E4F3A151CE5BF7700393C10 /* Resources */ = {
			isa = PBXResourcesBuildPhase;
			buildActionMask = 2147483647;
			files = (
			);
			runOnlyForDeploymentPostprocessing = 0;
		};
/* End PBXResourcesBuildPhase section */

/* Begin PBXSourcesBuildPhase section */
		0E4F39EF1CE5BF7700393C10 /* Sources */ = {
			isa = PBXSourcesBuildPhase;
			buildActionMask = 2147483647;
			files = (
				0ED69AB51CE9B9C8008AE0D8 /* CanvasViewController.m in Sources */,
				0E4F39FE1CE5BF7700393C10 /* CoordinatingController.m in Sources */,
				0E4F39FB1CE5BF7700393C10 /* AppDelegate.m in Sources */,
				0E4F39F81CE5BF7700393C10 /* main.m in Sources */,
			);
			runOnlyForDeploymentPostprocessing = 0;
		};
		0E4F3A081CE5BF7700393C10 /* Sources */ = {
			isa = PBXSourcesBuildPhase;
			buildActionMask = 2147483647;
			files = (
				0E4F3A111CE5BF7700393C10 /* PaintTests.m in Sources */,
			);
			runOnlyForDeploymentPostprocessing = 0;
		};
		0E4F3A131CE5BF7700393C10 /* Sources */ = {
			isa = PBXSourcesBuildPhase;
			buildActionMask = 2147483647;
			files = (
				0E4F3A1C1CE5BF7700393C10 /* PaintUITests.m in Sources */,
			);
			runOnlyForDeploymentPostprocessing = 0;
		};
/* End PBXSourcesBuildPhase section */

/* Begin PBXTargetDependency section */
		0E4F3A0E1CE5BF7700393C10 /* PBXTargetDependency */ = {
			isa = PBXTargetDependency;
			target = 0E4F39F21CE5BF7700393C10 /* Paint */;
			targetProxy = 0E4F3A0D1CE5BF7700393C10 /* PBXContainerItemProxy */;
		};
		0E4F3A191CE5BF7700393C10 /* PBXTargetDependency */ = {
			isa = PBXTargetDependency;
			target = 0E4F39F21CE5BF7700393C10 /* Paint */;
			targetProxy = 0E4F3A181CE5BF7700393C10 /* PBXContainerItemProxy */;
		};
/* End PBXTargetDependency section */

/* Begin PBXVariantGroup section */
		0E4F39FF1CE5BF7700393C10 /* Main.storyboard */ = {
			isa = PBXVariantGroup;
			children = (
				0E4F3A001CE5BF7700393C10 /* Base */,
			);
			name = Main.storyboard;
			sourceTree = "<group>";
		};
		0E4F3A041CE5BF7700393C10 /* LaunchScreen.storyboard */ = {
			isa = PBXVariantGroup;
			children = (
				0E4F3A051CE5BF7700393C10 /* Base */,
			);
			name = LaunchScreen.storyboard;
			sourceTree = "<group>";
		};
/* End PBXVariantGroup section */

/* Begin XCBuildConfiguration section */
		0E4F3A1E1CE5BF7700393C10 /* Debug */ = {
			isa = XCBuildConfiguration;
			buildSettings = {
				ALWAYS_SEARCH_USER_PATHS = NO;
				CLANG_ANALYZER_NONNULL = YES;
				CLANG_CXX_LANGUAGE_STANDARD = "gnu++0x";
				CLANG_CXX_LIBRARY = "libc++";
				CLANG_ENABLE_MODULES = YES;
				CLANG_ENABLE_OBJC_ARC = YES;
				CLANG_WARN_BOOL_CONVERSION = YES;
				CLANG_WARN_CONSTANT_CONVERSION = YES;
				CLANG_WARN_DIRECT_OBJC_ISA_USAGE = YES_ERROR;
				CLANG_WARN_EMPTY_BODY = YES;
				CLANG_WARN_ENUM_CONVERSION = YES;
				CLANG_WARN_INT_CONVERSION = YES;
				CLANG_WARN_OBJC_ROOT_CLASS = YES_ERROR;
				CLANG_WARN_UNREACHABLE_CODE = YES;
				CLANG_WARN__DUPLICATE_METHOD_MATCH = YES;
				"CODE_SIGN_IDENTITY[sdk=iphoneos*]" = "iPhone Developer";
				COPY_PHASE_STRIP = NO;
				DEBUG_INFORMATION_FORMAT = dwarf;
				ENABLE_STRICT_OBJC_MSGSEND = YES;
				ENABLE_TESTABILITY = YES;
				GCC_C_LANGUAGE_STANDARD = gnu99;
				GCC_DYNAMIC_NO_PIC = NO;
				GCC_NO_COMMON_BLOCKS = YES;
				GCC_OPTIMIZATION_LEVEL = 0;
				GCC_PREPROCESSOR_DEFINITIONS = (
					"DEBUG=1",
					"$(inherited)",
				);
				GCC_WARN_64_TO_32_BIT_CONVERSION = YES;
				GCC_WARN_ABOUT_RETURN_TYPE = YES_ERROR;
				GCC_WARN_UNDECLARED_SELECTOR = YES;
				GCC_WARN_UNINITIALIZED_AUTOS = YES_AGGRESSIVE;
				GCC_WARN_UNUSED_FUNCTION = YES;
				GCC_WARN_UNUSED_VARIABLE = YES;
				IPHONEOS_DEPLOYMENT_TARGET = 9.3;
				MTL_ENABLE_DEBUG_INFO = YES;
				ONLY_ACTIVE_ARCH = YES;
				SDKROOT = iphoneos;
			};
			name = Debug;
		};
		0E4F3A1F1CE5BF7700393C10 /* Release */ = {
			isa = XCBuildConfiguration;
			buildSettings = {
				ALWAYS_SEARCH_USER_PATHS = NO;
				CLANG_ANALYZER_NONNULL = YES;
				CLANG_CXX_LANGUAGE_STANDARD = "gnu++0x";
				CLANG_CXX_LIBRARY = "libc++";
				CLANG_ENABLE_MODULES = YES;
				CLANG_ENABLE_OBJC_ARC = YES;
				CLANG_WARN_BOOL_CONVERSION = YES;
				CLANG_WARN_CONSTANT_CONVERSION = YES;
				CLANG_WARN_DIRECT_OBJC_ISA_USAGE = YES_ERROR;
				CLANG_WARN_EMPTY_BODY = YES;
				CLANG_WARN_ENUM_CONVERSION = YES;
				CLANG_WARN_INT_CONVERSION = YES;
				CLANG_WARN_OBJC_ROOT_CLASS = YES_ERROR;
				CLANG_WARN_UNREACHABLE_CODE = YES;
				CLANG_WARN__DUPLICATE_METHOD_MATCH = YES;
				"CODE_SIGN_IDENTITY[sdk=iphoneos*]" = "iPhone Developer";
				COPY_PHASE_STRIP = NO;
				DEBUG_INFORMATION_FORMAT = "dwarf-with-dsym";
				ENABLE_NS_ASSERTIONS = NO;
				ENABLE_STRICT_OBJC_MSGSEND = YES;
				GCC_C_LANGUAGE_STANDARD = gnu99;
				GCC_NO_COMMON_BLOCKS = YES;
				GCC_WARN_64_TO_32_BIT_CONVERSION = YES;
				GCC_WARN_ABOUT_RETURN_TYPE = YES_ERROR;
				GCC_WARN_UNDECLARED_SELECTOR = YES;
				GCC_WARN_UNINITIALIZED_AUTOS = YES_AGGRESSIVE;
				GCC_WARN_UNUSED_FUNCTION = YES;
				GCC_WARN_UNUSED_VARIABLE = YES;
				IPHONEOS_DEPLOYMENT_TARGET = 9.3;
				MTL_ENABLE_DEBUG_INFO = NO;
				SDKROOT = iphoneos;
				VALIDATE_PRODUCT = YES;
			};
			name = Release;
		};
		0E4F3A211CE5BF7700393C10 /* Debug */ = {
			isa = XCBuildConfiguration;
			buildSettings = {
				ASSETCATALOG_COMPILER_APPICON_NAME = AppIcon;
				INFOPLIST_FILE = Paint/Info.plist;
				LD_RUNPATH_SEARCH_PATHS = "$(inherited) @executable_path/Frameworks";
				PRODUCT_BUNDLE_IDENTIFIER = zhongwu.Paint;
				PRODUCT_NAME = "$(TARGET_NAME)";
			};
			name = Debug;
		};
		0E4F3A221CE5BF7700393C10 /* Release */ = {
			isa = XCBuildConfiguration;
			buildSettings = {
				ASSETCATALOG_COMPILER_APPICON_NAME = AppIcon;
				INFOPLIST_FILE = Paint/Info.plist;
				LD_RUNPATH_SEARCH_PATHS = "$(inherited) @executable_path/Frameworks";
				PRODUCT_BUNDLE_IDENTIFIER = zhongwu.Paint;
				PRODUCT_NAME = "$(TARGET_NAME)";
			};
			name = Release;
		};
		0E4F3A241CE5BF7700393C10 /* Debug */ = {
			isa = XCBuildConfiguration;
			buildSettings = {
				BUNDLE_LOADER = "$(TEST_HOST)";
				INFOPLIST_FILE = PaintTests/Info.plist;
				LD_RUNPATH_SEARCH_PATHS = "$(inherited) @executable_path/Frameworks @loader_path/Frameworks";
				PRODUCT_BUNDLE_IDENTIFIER = zhongwu.PaintTests;
				PRODUCT_NAME = "$(TARGET_NAME)";
				TEST_HOST = "$(BUILT_PRODUCTS_DIR)/Paint.app/Paint";
			};
			name = Debug;
		};
		0E4F3A251CE5BF7700393C10 /* Release */ = {
			isa = XCBuildConfiguration;
			buildSettings = {
				BUNDLE_LOADER = "$(TEST_HOST)";
				INFOPLIST_FILE = PaintTests/Info.plist;
				LD_RUNPATH_SEARCH_PATHS = "$(inherited) @executable_path/Frameworks @loader_path/Frameworks";
				PRODUCT_BUNDLE_IDENTIFIER = zhongwu.PaintTests;
				PRODUCT_NAME = "$(TARGET_NAME)";
				TEST_HOST = "$(BUILT_PRODUCTS_DIR)/Paint.app/Paint";
			};
			name = Release;
		};
		0E4F3A271CE5BF7700393C10 /* Debug */ = {
			isa = XCBuildConfiguration;
			buildSettings = {
				INFOPLIST_FILE = PaintUITests/Info.plist;
				LD_RUNPATH_SEARCH_PATHS = "$(inherited) @executable_path/Frameworks @loader_path/Frameworks";
				PRODUCT_BUNDLE_IDENTIFIER = zhongwu.PaintUITests;
				PRODUCT_NAME = "$(TARGET_NAME)";
				TEST_TARGET_NAME = Paint;
			};
			name = Debug;
		};
		0E4F3A281CE5BF7700393C10 /* Release */ = {
			isa = XCBuildConfiguration;
			buildSettings = {
				INFOPLIST_FILE = PaintUITests/Info.plist;
				LD_RUNPATH_SEARCH_PATHS = "$(inherited) @executable_path/Frameworks @loader_path/Frameworks";
				PRODUCT_BUNDLE_IDENTIFIER = zhongwu.PaintUITests;
				PRODUCT_NAME = "$(TARGET_NAME)";
				TEST_TARGET_NAME = Paint;
			};
			name = Release;
		};
/* End XCBuildConfiguration section */

/* Begin XCConfigurationList section */
		0E4F39EE1CE5BF7700393C10 /* Build configuration list for PBXProject "Paint" */ = {
			isa = XCConfigurationList;
			buildConfigurations = (
				0E4F3A1E1CE5BF7700393C10 /* Debug */,
				0E4F3A1F1CE5BF7700393C10 /* Release */,
			);
			defaultConfigurationIsVisible = 0;
			defaultConfigurationName = Release;
		};
		0E4F3A201CE5BF7700393C10 /* Build configuration list for PBXNativeTarget "Paint" */ = {
			isa = XCConfigurationList;
			buildConfigurations = (
				0E4F3A211CE5BF7700393C10 /* Debug */,
				0E4F3A221CE5BF7700393C10 /* Release */,
			);
			defaultConfigurationIsVisible = 0;
			defaultConfigurationName = Release;
		};
		0E4F3A231CE5BF7700393C10 /* Build configuration list for PBXNativeTarget "PaintTests" */ = {
			isa = XCConfigurationList;
			buildConfigurations = (
				0E4F3A241CE5BF7700393C10 /* Debug */,
				0E4F3A251CE5BF7700393C10 /* Release */,
			);
			defaultConfigurationIsVisible = 0;
			defaultConfigurationName = Release;
		};
		0E4F3A261CE5BF7700393C10 /* Build configuration list for PBXNativeTarget "PaintUITests" */ = {
			isa = XCConfigurationList;
			buildConfigurations = (
				0E4F3A271CE5BF7700393C10 /* Debug */,
				0E4F3A281CE5BF7700393C10 /* Release */,
			);
			defaultConfigurationIsVisible = 0;
			defaultConfigurationName = Release;
		};
/* End XCConfigurationList section */
	};
	rootObject = 0E4F39EB1CE5BF7700393C10 /* Project object */;
}
